
Microsoft Visual Studio Solution File, Format Version 12.00
# Visual Studio Version 17
VisualStudioVersion = 17.0.31903.59
MinimumVisualStudioVersion = 10.0.40219.1
Project("{2150E333-8FDC-42A3-9474-1A3956D46DE8}") = "src", "src", "{827E0CD3-B72D-47B6-A68D-7590B98EB39B}"
EndProject
Project("{FAE04EC0-301F-11D3-BF4B-00C04F79EFBC}") = "Combat", "src\Combat\Combat.csproj", "{064AA2AC-63D7-4729-9AE5-0FC63117DF91}"
EndProject
Project("{FAE04EC0-301F-11D3-BF4B-00C04F79EFBC}") = "ConsoleProto", "src\ConsoleProto\ConsoleProto.csproj", "{54AAC7E5-1E7D-421B-90A1-AB559E83E36D}"
EndProject
Global
	GlobalSection(SolutionConfigurationPlatforms) = preSolution
		Debug|Any CPU = Debug|Any CPU
		Debug|x64 = Debug|x64
		Debug|x86 = Debug|x86
		Release|Any CPU = Release|Any CPU
		Release|x64 = Release|x64
		Release|x86 = Release|x86
	EndGlobalSection
	GlobalSection(ProjectConfigurationPlatforms) = postSolution
		{064AA2AC-63D7-4729-9AE5-0FC63117DF91}.Debug|Any CPU.ActiveCfg = Debug|Any CPU
		{064AA2AC-63D7-4729-9AE5-0FC63117DF91}.Debug|Any CPU.Build.0 = Debug|Any CPU
		{064AA2AC-63D7-4729-9AE5-0FC63117DF91}.Debug|x64.ActiveCfg = Debug|Any CPU
		{064AA2AC-63D7-4729-9AE5-0FC63117DF91}.Debug|x64.Build.0 = Debug|Any CPU
		{064AA2AC-63D7-4729-9AE5-0FC63117DF91}.Debug|x86.ActiveCfg = Debug|Any CPU
		{064AA2AC-63D7-4729-9AE5-0FC63117DF91}.Debug|x86.Build.0 = Debug|Any CPU
		{064AA2AC-63D7-4729-9AE5-0FC63117DF91}.Release|Any CPU.ActiveCfg = Release|Any CPU
		{064AA2AC-63D7-4729-9AE5-0FC63117DF91}.Release|Any CPU.Build.0 = Release|Any CPU
		{064AA2AC-63D7-4729-9AE5-0FC63117DF91}.Release|x64.ActiveCfg = Release|Any CPU
		{064AA2AC-63D7-4729-9AE5-0FC63117DF91}.Release|x64.Build.0 = Release|Any CPU
		{064AA2AC-63D7-4729-9AE5-0FC63117DF91}.Release|x86.ActiveCfg = Release|Any CPU
		{064AA2AC-63D7-4729-9AE5-0FC63117DF91}.Release|x86.Build.0 = Release|Any CPU
		{54AAC7E5-1E7D-421B-90A1-AB559E83E36D}.Debug|Any CPU.ActiveCfg = Debug|Any CPU
		{54AAC7E5-1E7D-421B-90A1-AB559E83E36D}.Debug|Any CPU.Build.0 = Debug|Any CPU
		{54AAC7E5-1E7D-421B-90A1-AB559E83E36D}.Debug|x64.ActiveCfg = Debug|Any CPU
		{54AAC7E5-1E7D-421B-90A1-AB559E83E36D}.Debug|x64.Build.0 = Debug|Any CPU
		{54AAC7E5-1E7D-421B-90A1-AB559E83E36D}.Debug|x86.ActiveCfg = Debug|Any CPU
		{54AAC7E5-1E7D-421B-90A1-AB559E83E36D}.Debug|x86.Build.0 = Debug|Any CPU
		{54AAC7E5-1E7D-421B-90A1-AB559E83E36D}.Release|Any CPU.ActiveCfg = Release|Any CPU
		{54AAC7E5-1E7D-421B-90A1-AB559E83E36D}.Release|Any CPU.Build.0 = Release|Any CPU
		{54AAC7E5-1E7D-421B-90A1-AB559E83E36D}.Release|x64.ActiveCfg = Release|Any CPU
		{54AAC7E5-1E7D-421B-90A1-AB559E83E36D}.Release|x64.Build.0 = Release|Any CPU
		{54AAC7E5-1E7D-421B-90A1-AB559E83E36D}.Release|x86.ActiveCfg = Release|Any CPU
		{54AAC7E5-1E7D-421B-90A1-AB559E83E36D}.Release|x86.Build.0 = Release|Any CPU
	EndGlobalSection
	GlobalSection(SolutionProperties) = preSolution
		HideSolutionNode = FALSE
	EndGlobalSection
	GlobalSection(NestedProjects) = preSolution
		{064AA2AC-63D7-4729-9AE5-0FC63117DF91} = {827E0CD3-B72D-47B6-A68D-7590B98EB39B}
		{54AAC7E5-1E7D-421B-90A1-AB559E83E36D} = {827E0CD3-B72D-47B6-A68D-7590B98EB39B}
	EndGlobalSection
EndGlobal
